github.com/cpuguy83/go-md2man/v2 v2.0.1/go.mod h1:tgQtvFlXSQOSOSIRvRPT7W67SCa46tRHOmNcaadrF8o=
github.com/davecgh/go-spew v1.1.1 h1:vj9j/u1bqnvCEfJOwUhtlOARqs3+rkHYY13jYWTU97c=
github.com/go-logr/logr v1.2.0 h1:QK40JKJyMdUDz+h+xvCsru/bJhvG0UxvePV0ufL/AcE=
github.com/go-logr/logr v1.2.0/go.mod h1:jdQByPbusPIv2/zmleS9BjJVeZ6kBagPoEUsqbVz/1A=
github.com/go-logr/logr v1.2.3/go.mod h1:jdQByPbusPIv2/zmleS9BjJVeZ6kBagPoEUsqbVz/1A=
github.com/inconshreveable/mousetrap v1.0.0 h1:Z8tu5sraLXCXIcARxBp/8cbvlwVa7Z1NHg9XEKhtSvM=
github.com/inconshreveable/mousetrap v1.0.0/go.mod h1:PxqpIevigyE2G7u3NXJIT2ANytuPF1OarO4DADm73n8=
github.com/pkg/errors v0.9.1 h1:FEBLx1zS214owpjy7qsBeixbURkuhQAwrK5UwLGTwt4=
github.com/pkg/errors v0.9.1/go.mod h1:bwawxfHBFNV+L2hUp1rHADufV3IMtnDRdf1r5NINEl0=
github.com/pmezard/go-difflib v1.0.0 h1:4DBwDE0NGyQoBHbLQYPwSUPoCMWR5BEzIk/f1lZbAQM=
github.com/russross/blackfriday/v2 v2.1.0/go.mod h1:+Rmxgy9KzJVeS9/2gXHxylqXiyQDYRxCVz55jmeOWTM=
github.com/spf13/cobra v1.4.0 h1:y+wJpx64xcgO1V+RcnwW0LEHxTKRi2ZDPSBjWnrg88Q=
github.com/spf13/cobra v1.4.0/go.mod h1:Wo4iy3BUC+X2Fybo0PDqwJIv3dNRiZLHQymsfxlB84g=
github.com/spf13/pflag v1.0.5 h1:iy+VFUOCP1a+8yFto/drg2CJ5u0yRoB7fZw3DKv/JXA=
github.com/spf13/pflag v1.0.5/go.mod h1:McXfInJRrz4CZXVZOBLb0bTZqETkiAhM9Iw0y3An2Bg=
github.com/sqc157400661/helper v0.0.0-20241031002736-7eed755bf841 h1:9Z+RdOja5tA7rsEwny+0pA3mARt6mpvhWQDXm14O4zc=
github.com/sqc157400661/helper v0.0.0-20241031002736-7eed755bf841/go.mod h1:I1etYE3M/ebIhHp+V70kCYEzH9EZHKoUDxiTpf+UUEI=
github.com/sqc157400661/helper v0.0.1 h1:uiobso08n3qBEAif9eNEzKHlyATUYXbWj0NGNsHW04w=
github.com/sqc157400661/helper v0.0.1/go.mod h1:I1etYE3M/ebIhHp+V70kCYEzH9EZHKoUDxiTpf+UUEI=
github.com/sqc157400661/helper v0.0.2/go.mod h1:I1etYE3M/ebIhHp+V70kCYEzH9EZHKoUDxiTpf+UUEI=
github.com/sqc157400661/util v0.0.4 h1:NGQc/c7pFS4L3cAY4lOEYLKlqYRyi+ujD6twESruZAM=
github.com/sqc157400661/util v0.0.4/go.mod h1:5/LyF0KPGOOdzqWEmAgmtSwWMenf8BFAVG1U71vID5w=
github.com/stretchr/testify v1.7.1 h1:5TQK59W5E3v0r2duFAb7P95B6hEeOyEnHRa8MjYSMTY=
gopkg.in/check.v1 v0.0.0-20161208181325-20d25e280405/go.mod h1:Co6ibVJAznAaIkqp8huTwlJQCZ016jof/cbN4VW5Yz0=
gopkg.in/yaml.v2 v2.4.0/go.mod h1:RDklbk79AGWmwhnvt/jBztapEOGDOx6ZbXqjP6csGnQ=
gopkg.in/yaml.v3 v3.0.1 h1:fxVm/GzAzEWqLHuvctI91KS9hhNmmWOoWu0XTYJS7CA=
gopkg.in/yaml.v3 v3.0.1/go.mod h1:K4uyk7z7BCEPqu6E+C64Yfv1cQ7kz7rIZviUmN+EgEM=
k8s.io/apimachinery v0.25.0/go.mod h1:qMx9eAk0sZQGsXGu86fab8tZdffHbwUfsvzqKn4mfB0=
k8s.io/client-go v0.25.0/go.mod h1:lxykvypVfKilxhTklov0wz1FoaUZ8X4EwbhS6rpRfN8=
k8s.io/klog/v2 v2.100.1 h1:7WCHKK6K8fNhTqfBhISHQ97KrnJNFZMcQvKp7gP/tmg=
k8s.io/klog/v2 v2.100.1/go.mod h1:y1WjHnz7Dj687irZUWR/WLkLc5N1YHtjLdmgWjndZn0=
sigs.k8s.io/controller-runtime v0.13.1/go.mod h1:Zbz+el8Yg31jubvAEyglRZGdLAjplZl+PgtYNI6WNTI=
